{
  "name": "@activeledger/activeprotocol",
  "version": "2.15.7",
  "lockfileVersion": 2,
  "requires": true,
  "packages": {
    "": {
      "name": "@activeledger/activeprotocol",
      "version": "2.15.7",
      "license": "MIT",
      "dependencies": {
        "@activeledger/activecontracts": "^2.15.7",
        "@activeledger/activecrypto": "^2.15.7",
        "@activeledger/activedefinitions": "^2.15.7",
        "@activeledger/activelogger": "^2.14.6",
        "@activeledger/activeoptions": "^2.15.7",
        "@activeledger/activequery": "^2.15.7",
        "@activeledger/activetoolkits": "^2.15.7",
        "@activeledger/vm2": "^3.9.20",
        "@types/node": "^18.19.68",
        "typescript": "4.7.3"
      }
    },
    "node_modules/@activeledger/activecontracts": {
      "version": "2.15.7",
      "resolved": "https://registry.npmjs.org/@activeledger/activecontracts/-/activecontracts-2.15.7.tgz",
      "integrity": "sha512-vijjdhRhrfQvhAp3+cd6SZuzgwUSWv2XQrTmiuzNdkZEpmSxif78EuFimx54gQcvZ9u8zW18UzaXeaayiE4bHg==",
      "license": "MIT",
      "dependencies": {
        "@activeledger/activecrypto": "^2.15.7",
        "@activeledger/activedefinitions": "^2.15.7",
        "@activeledger/activelogger": "^2.14.6",
        "@activeledger/activequery": "^2.15.7"
      }
    },
    "node_modules/@activeledger/activecrypto": {
      "version": "2.15.7",
      "resolved": "https://registry.npmjs.org/@activeledger/activecrypto/-/activecrypto-2.15.7.tgz",
      "integrity": "sha512-WGnc7TCVbNVNmBuB0dRej2+apENPU7D0c170J2vilF+YZS59NP8TZvOj1CVmtW7PJLeltPQw6w4kg/eOTctLiw==",
      "license": "MIT",
      "dependencies": {
        "@activeledger/activelogger": "^2.14.6",
        "asn1.js": "5.4.1"
      }
    },
    "node_modules/@activeledger/activedefinitions": {
      "version": "2.15.7",
      "resolved": "https://registry.npmjs.org/@activeledger/activedefinitions/-/activedefinitions-2.15.7.tgz",
      "integrity": "sha512-rwl+QYWjV/AqSz+yNXZ3jp1uTSDopRgSEm32GUM6bWozFGFxkTldbyeXmCTilOMMRAlCsi5swmZRCZVsFcAi/g==",
      "license": "MIT",
      "dependencies": {
        "@types/events": "^3.0.0"
      }
    },
    "node_modules/@activeledger/activelogger": {
      "version": "2.14.6",
      "resolved": "https://registry.npmjs.org/@activeledger/activelogger/-/activelogger-2.14.6.tgz",
      "integrity": "sha512-9kJCUQ+lFBxjxOhc+d3cH2Fmp3MprRaegENFh8ESgEKVqrXE4jnoFrpxE5+R+EaBP6uNqwisvSBnGu4pfdU8Xw==",
      "license": "MIT"
    },
    "node_modules/@activeledger/activeoptions": {
      "version": "2.15.7",
      "resolved": "https://registry.npmjs.org/@activeledger/activeoptions/-/activeoptions-2.15.7.tgz",
      "integrity": "sha512-P3rdjrY99Fjb8+5X5zO7CH0NgbaBCi8EfJGm2kTnwcDQmGJKVzBHRBZgHdfLc2mZDsFxpXdyO121fwMhmYkLVg==",
      "license": "MIT",
      "dependencies": {
        "@activeledger/activelogger": "^2.14.6",
        "@activeledger/activeutilities": "^2.15.5",
        "minimist": "1.2.6"
      }
    },
    "node_modules/@activeledger/activequery": {
      "version": "2.15.7",
      "resolved": "https://registry.npmjs.org/@activeledger/activequery/-/activequery-2.15.7.tgz",
      "integrity": "sha512-xCS5LB2FUAIGojSpF+iepp/Sfq3q8MFRz07yALFJgZSZtsFgMh1Bq51ViUhUkGQOyY/NIVEw1tcH13NwagLmfQ==",
      "license": "MIT",
      "dependencies": {
        "@activeledger/activecrypto": "^2.15.7",
        "@activeledger/activedefinitions": "^2.15.7",
        "@activeledger/activelogger": "^2.14.6"
      }
    },
    "node_modules/@activeledger/activetoolkits": {
      "version": "2.15.7",
      "resolved": "https://registry.npmjs.org/@activeledger/activetoolkits/-/activetoolkits-2.15.7.tgz",
      "integrity": "sha512-+56ajyDp3rLy68a45ZIlj6Um+/YAs3Eby4U0zbhb/l1fLOWScbydUse6/0DnvLXA4nYwW+Z3rIgeWyBwVRi0Sw==",
      "license": "MIT",
      "dependencies": {
        "@activeledger/activeutilities": "^2.15.5"
      }
    },
    "node_modules/@activeledger/activeutilities": {
      "version": "2.15.5",
      "resolved": "https://registry.npmjs.org/@activeledger/activeutilities/-/activeutilities-2.15.5.tgz",
      "integrity": "sha512-NC6PK6qqD9iHpwtOQERVH+lZKFr9HlOl/XZBjokezuk1Jpj/BPvRATViYbmrK1HkUA0IHXdFt2jqkNQEcMR93A==",
      "license": "MIT"
    },
    "node_modules/@activeledger/vm2": {
      "version": "3.9.20",
      "resolved": "https://registry.npmjs.org/@activeledger/vm2/-/vm2-3.9.20.tgz",
      "integrity": "sha512-0M8jcPA5ctVQb9ZPiN/TPsXvpFFfxy4+guPKiTi5YNW96ms5OR6pIkEfZN7Pvo7J12NgJAekaQ5OMkdpqfzaSA==",
      "dependencies": {
        "acorn": "^8.7.0",
        "acorn-walk": "^8.2.0"
      },
      "bin": {
        "vm2": "bin/vm2"
      },
      "engines": {
        "node": ">=6.0"
      }
    },
    "node_modules/@types/events": {
      "version": "3.0.3",
      "resolved": "https://registry.npmjs.org/@types/events/-/events-3.0.3.tgz",
      "integrity": "sha512-trOc4AAUThEz9hapPtSd7wf5tiQKvTtu5b371UxXdTuqzIh0ArcRspRP0i0Viu+LXstIQ1z96t1nsPxT9ol01g==",
      "license": "MIT"
    },
    "node_modules/@types/node": {
      "version": "18.19.68",
      "resolved": "https://registry.npmjs.org/@types/node/-/node-18.19.68.tgz",
      "integrity": "sha512-QGtpFH1vB99ZmTa63K4/FU8twThj4fuVSBkGddTp7uIL/cuoLWIUSL2RcOaigBhfR+hg5pgGkBnkoOxrTVBMKw==",
      "license": "MIT",
      "dependencies": {
        "undici-types": "~5.26.4"
      }
    },
    "node_modules/acorn": {
      "version": "8.10.0",
      "resolved": "https://registry.npmjs.org/acorn/-/acorn-8.10.0.tgz",
      "integrity": "sha512-F0SAmZ8iUtS//m8DmCTA0jlh6TDKkHQyK6xc6V4KDTyZKA9dnvX9/3sRTVQrWm79glUAZbnmmNcdYwUIHWVybw==",
      "bin": {
        "acorn": "bin/acorn"
      },
      "engines": {
        "node": ">=0.4.0"
      }
    },
    "node_modules/acorn-walk": {
      "version": "8.2.0",
      "resolved": "https://registry.npmjs.org/acorn-walk/-/acorn-walk-8.2.0.tgz",
      "integrity": "sha512-k+iyHEuPgSw6SbuDpGQM+06HQUa04DZ3o+F6CSzXMvvI5KMvnaEqXe+YVe555R9nn6GPt404fos4wcgpw12SDA==",
      "engines": {
        "node": ">=0.4.0"
      }
    },
    "node_modules/asn1.js": {
      "version": "5.4.1",
      "resolved": "https://registry.npmjs.org/asn1.js/-/asn1.js-5.4.1.tgz",
      "integrity": "sha512-+I//4cYPccV8LdmBLiX8CYvf9Sp3vQsrqu2QNXRcrbiWvcx/UdlFiqUJJzxRQxgsZmvhXhn4cSKeSmoFjVdupA==",
      "license": "MIT",
      "dependencies": {
        "bn.js": "^4.0.0",
        "inherits": "^2.0.1",
        "minimalistic-assert": "^1.0.0",
        "safer-buffer": "^2.1.0"
      }
    },
    "node_modules/bn.js": {
      "version": "4.12.1",
      "resolved": "https://registry.npmjs.org/bn.js/-/bn.js-4.12.1.tgz",
      "integrity": "sha512-k8TVBiPkPJT9uHLdOKfFpqcfprwBFOAAXXozRubr7R7PfIuKvQlzcI4M0pALeqXN09vdaMbUdUj+pass+uULAg==",
      "license": "MIT"
    },
    "node_modules/inherits": {
      "version": "2.0.4",
      "resolved": "https://registry.npmjs.org/inherits/-/inherits-2.0.4.tgz",
      "integrity": "sha512-k/vGaX4/Yla3WzyMCvTQOXYeIHvqOKtnqBduzTHpzpQZzAskKMhZ2K+EnBiSM9zGSoIFeMpXKxa4dYeZIQqewQ==",
      "license": "ISC"
    },
    "node_modules/minimalistic-assert": {
      "version": "1.0.1",
      "resolved": "https://registry.npmjs.org/minimalistic-assert/-/minimalistic-assert-1.0.1.tgz",
      "integrity": "sha512-UtJcAD4yEaGtjPezWuO9wC4nwUnVH/8/Im3yEHQP4b67cXlD/Qr9hdITCU1xDbSEXg2XKNaP8jsReV7vQd00/A==",
      "license": "ISC"
    },
    "node_modules/minimist": {
      "version": "1.2.6",
      "resolved": "https://registry.npmjs.org/minimist/-/minimist-1.2.6.tgz",
      "integrity": "sha512-Jsjnk4bw3YJqYzbdyBiNsPWHPfO++UGG749Cxs6peCu5Xg4nrena6OVxOYxrQTqww0Jmwt+Ref8rggumkTLz9Q==",
      "license": "MIT"
    },
    "node_modules/safer-buffer": {
      "version": "2.1.2",
      "resolved": "https://registry.npmjs.org/safer-buffer/-/safer-buffer-2.1.2.tgz",
      "integrity": "sha512-YZo3K82SD7Riyi0E1EQPojLz7kpepnSQI9IyPbHHg1XXXevb5dJI7tpyN2ADxGcQbHG7vcyRHk0cbwqcQriUtg==",
      "license": "MIT"
    },
    "node_modules/typescript": {
      "version": "4.7.3",
      "resolved": "https://registry.npmjs.org/typescript/-/typescript-4.7.3.tgz",
      "integrity": "sha512-WOkT3XYvrpXx4vMMqlD+8R8R37fZkjyLGlxavMc4iB8lrl8L0DeTcHbYgw/v0N/z9wAFsgBhcsF0ruoySS22mA==",
      "bin": {
        "tsc": "bin/tsc",
        "tsserver": "bin/tsserver"
      },
      "engines": {
        "node": ">=4.2.0"
      }
    },
    "node_modules/undici-types": {
      "version": "5.26.5",
      "resolved": "https://registry.npmjs.org/undici-types/-/undici-types-5.26.5.tgz",
      "integrity": "sha512-JlCMO+ehdEIKqlFxk6IfVoAUVmgz7cU7zD/h9XZ0qzeosSHmUJVOzSQvvYSYWXkFXC+IfLKSIffhv0sVZup6pA==",
      "license": "MIT"
    }
  },
  "dependencies": {
    "@activeledger/activecontracts": {
      "version": "2.15.7",
      "resolved": "https://registry.npmjs.org/@activeledger/activecontracts/-/activecontracts-2.15.7.tgz",
      "integrity": "sha512-vijjdhRhrfQvhAp3+cd6SZuzgwUSWv2XQrTmiuzNdkZEpmSxif78EuFimx54gQcvZ9u8zW18UzaXeaayiE4bHg==",
      "requires": {
        "@activeledger/activecrypto": "^2.15.7",
        "@activeledger/activedefinitions": "^2.15.7",
        "@activeledger/activelogger": "^2.14.6",
        "@activeledger/activequery": "^2.15.7"
      }
    },
    "@activeledger/activecrypto": {
      "version": "2.15.7",
      "resolved": "https://registry.npmjs.org/@activeledger/activecrypto/-/activecrypto-2.15.7.tgz",
      "integrity": "sha512-WGnc7TCVbNVNmBuB0dRej2+apENPU7D0c170J2vilF+YZS59NP8TZvOj1CVmtW7PJLeltPQw6w4kg/eOTctLiw==",
      "requires": {
        "@activeledger/activelogger": "^2.14.6",
        "asn1.js": "5.4.1"
      }
    },
    "@activeledger/activedefinitions": {
      "version": "2.15.7",
      "resolved": "https://registry.npmjs.org/@activeledger/activedefinitions/-/activedefinitions-2.15.7.tgz",
      "integrity": "sha512-rwl+QYWjV/AqSz+yNXZ3jp1uTSDopRgSEm32GUM6bWozFGFxkTldbyeXmCTilOMMRAlCsi5swmZRCZVsFcAi/g==",
      "requires": {
        "@types/events": "^3.0.0"
      }
    },
    "@activeledger/activelogger": {
      "version": "2.14.6",
      "resolved": "https://registry.npmjs.org/@activeledger/activelogger/-/activelogger-2.14.6.tgz",
      "integrity": "sha512-9kJCUQ+lFBxjxOhc+d3cH2Fmp3MprRaegENFh8ESgEKVqrXE4jnoFrpxE5+R+EaBP6uNqwisvSBnGu4pfdU8Xw=="
    },
    "@activeledger/activeoptions": {
      "version": "2.15.7",
      "resolved": "https://registry.npmjs.org/@activeledger/activeoptions/-/activeoptions-2.15.7.tgz",
      "integrity": "sha512-P3rdjrY99Fjb8+5X5zO7CH0NgbaBCi8EfJGm2kTnwcDQmGJKVzBHRBZgHdfLc2mZDsFxpXdyO121fwMhmYkLVg==",
      "requires": {
        "@activeledger/activelogger": "^2.14.6",
        "@activeledger/activeutilities": "^2.15.5",
        "minimist": "1.2.6"
      }
    },
    "@activeledger/activequery": {
      "version": "2.15.7",
      "resolved": "https://registry.npmjs.org/@activeledger/activequery/-/activequery-2.15.7.tgz",
      "integrity": "sha512-xCS5LB2FUAIGojSpF+iepp/Sfq3q8MFRz07yALFJgZSZtsFgMh1Bq51ViUhUkGQOyY/NIVEw1tcH13NwagLmfQ==",
      "requires": {
        "@activeledger/activecrypto": "^2.15.7",
        "@activeledger/activedefinitions": "^2.15.7",
        "@activeledger/activelogger": "^2.14.6"
      }
    },
    "@activeledger/activetoolkits": {
      "version": "2.15.7",
      "resolved": "https://registry.npmjs.org/@activeledger/activetoolkits/-/activetoolkits-2.15.7.tgz",
      "integrity": "sha512-+56ajyDp3rLy68a45ZIlj6Um+/YAs3Eby4U0zbhb/l1fLOWScbydUse6/0DnvLXA4nYwW+Z3rIgeWyBwVRi0Sw==",
      "requires": {
        "@activeledger/activeutilities": "^2.15.5"
      }
    },
    "@activeledger/activeutilities": {
      "version": "2.15.5",
      "resolved": "https://registry.npmjs.org/@activeledger/activeutilities/-/activeutilities-2.15.5.tgz",
      "integrity": "sha512-NC6PK6qqD9iHpwtOQERVH+lZKFr9HlOl/XZBjokezuk1Jpj/BPvRATViYbmrK1HkUA0IHXdFt2jqkNQEcMR93A=="
    },
    "@activeledger/vm2": {
      "version": "3.9.20",
      "resolved": "https://registry.npmjs.org/@activeledger/vm2/-/vm2-3.9.20.tgz",
      "integrity": "sha512-0M8jcPA5ctVQb9ZPiN/TPsXvpFFfxy4+guPKiTi5YNW96ms5OR6pIkEfZN7Pvo7J12NgJAekaQ5OMkdpqfzaSA==",
      "requires": {
        "acorn": "^8.7.0",
        "acorn-walk": "^8.2.0"
      }
    },
    "@types/events": {
      "version": "3.0.3",
      "resolved": "https://registry.npmjs.org/@types/events/-/events-3.0.3.tgz",
      "integrity": "sha512-trOc4AAUThEz9hapPtSd7wf5tiQKvTtu5b371UxXdTuqzIh0ArcRspRP0i0Viu+LXstIQ1z96t1nsPxT9ol01g=="
    },
    "@types/node": {
      "version": "18.19.68",
      "resolved": "https://registry.npmjs.org/@types/node/-/node-18.19.68.tgz",
      "integrity": "sha512-QGtpFH1vB99ZmTa63K4/FU8twThj4fuVSBkGddTp7uIL/cuoLWIUSL2RcOaigBhfR+hg5pgGkBnkoOxrTVBMKw==",
      "requires": {
        "undici-types": "~5.26.4"
      }
    },
    "acorn": {
      "version": "8.10.0",
      "resolved": "https://registry.npmjs.org/acorn/-/acorn-8.10.0.tgz",
      "integrity": "sha512-F0SAmZ8iUtS//m8DmCTA0jlh6TDKkHQyK6xc6V4KDTyZKA9dnvX9/3sRTVQrWm79glUAZbnmmNcdYwUIHWVybw=="
    },
    "acorn-walk": {
      "version": "8.2.0",
      "resolved": "https://registry.npmjs.org/acorn-walk/-/acorn-walk-8.2.0.tgz",
      "integrity": "sha512-k+iyHEuPgSw6SbuDpGQM+06HQUa04DZ3o+F6CSzXMvvI5KMvnaEqXe+YVe555R9nn6GPt404fos4wcgpw12SDA=="
    },
    "asn1.js": {
      "version": "5.4.1",
      "resolved": "https://registry.npmjs.org/asn1.js/-/asn1.js-5.4.1.tgz",
      "integrity": "sha512-+I//4cYPccV8LdmBLiX8CYvf9Sp3vQsrqu2QNXRcrbiWvcx/UdlFiqUJJzxRQxgsZmvhXhn4cSKeSmoFjVdupA==",
      "requires": {
        "bn.js": "^4.0.0",
        "inherits": "^2.0.1",
        "minimalistic-assert": "^1.0.0",
        "safer-buffer": "^2.1.0"
      }
    },
    "bn.js": {
      "version": "4.12.1",
      "resolved": "https://registry.npmjs.org/bn.js/-/bn.js-4.12.1.tgz",
      "integrity": "sha512-k8TVBiPkPJT9uHLdOKfFpqcfprwBFOAAXXozRubr7R7PfIuKvQlzcI4M0pALeqXN09vdaMbUdUj+pass+uULAg=="
    },
    "inherits": {
      "version": "2.0.4",
      "resolved": "https://registry.npmjs.org/inherits/-/inherits-2.0.4.tgz",
      "integrity": "sha512-k/vGaX4/Yla3WzyMCvTQOXYeIHvqOKtnqBduzTHpzpQZzAskKMhZ2K+EnBiSM9zGSoIFeMpXKxa4dYeZIQqewQ=="
    },
    "minimalistic-assert": {
      "version": "1.0.1",
      "resolved": "https://registry.npmjs.org/minimalistic-assert/-/minimalistic-assert-1.0.1.tgz",
      "integrity": "sha512-UtJcAD4yEaGtjPezWuO9wC4nwUnVH/8/Im3yEHQP4b67cXlD/Qr9hdITCU1xDbSEXg2XKNaP8jsReV7vQd00/A=="
    },
    "minimist": {
      "version": "1.2.6",
      "resolved": "https://registry.npmjs.org/minimist/-/minimist-1.2.6.tgz",
      "integrity": "sha512-Jsjnk4bw3YJqYzbdyBiNsPWHPfO++UGG749Cxs6peCu5Xg4nrena6OVxOYxrQTqww0Jmwt+Ref8rggumkTLz9Q=="
    },
    "safer-buffer": {
      "version": "2.1.2",
      "resolved": "https://registry.npmjs.org/safer-buffer/-/safer-buffer-2.1.2.tgz",
      "integrity": "sha512-YZo3K82SD7Riyi0E1EQPojLz7kpepnSQI9IyPbHHg1XXXevb5dJI7tpyN2ADxGcQbHG7vcyRHk0cbwqcQriUtg=="
    },
    "typescript": {
      "version": "4.7.3",
      "resolved": "https://registry.npmjs.org/typescript/-/typescript-4.7.3.tgz",
      "integrity": "sha512-WOkT3XYvrpXx4vMMqlD+8R8R37fZkjyLGlxavMc4iB8lrl8L0DeTcHbYgw/v0N/z9wAFsgBhcsF0ruoySS22mA=="
    },
    "undici-types": {
      "version": "5.26.5",
      "resolved": "https://registry.npmjs.org/undici-types/-/undici-types-5.26.5.tgz",
      "integrity": "sha512-JlCMO+ehdEIKqlFxk6IfVoAUVmgz7cU7zD/h9XZ0qzeosSHmUJVOzSQvvYSYWXkFXC+IfLKSIffhv0sVZup6pA=="
    }
  }
}
